
Microsoft Visual Studio Solution File, Format Version 12.00
# Visual Studio Version 16
VisualStudioVersion = 16.0.29709.97
MinimumVisualStudioVersion = 10.0.40219.1
Project("{FAE04EC0-301F-11D3-BF4B-00C04F79EFBC}") = "Nasjonalt.Skoleregister", "Nasjonalt.Skoleregister\Nasjonalt.Skoleregister.csproj", "{329BA02D-FDCB-40E2-B22C-EAE9021AA4F5}"
EndProject
Project("{FAE04EC0-301F-11D3-BF4B-00C04F79EFBC}") = "ApiClientsTests", "ApiClientsTests\ApiClientsTests.csproj", "{2A20E737-890B-4684-96C0-1AD93C38F52E}"
EndProject
Global
	GlobalSection(SolutionConfigurationPlatforms) = preSolution
		Debug|Any CPU = Debug|Any CPU
		Release|Any CPU = Release|Any CPU
	EndGlobalSection
	GlobalSection(ProjectConfigurationPlatforms) = postSolution
		{329BA02D-FDCB-40E2-B22C-EAE9021AA4F5}.Debug|Any CPU.ActiveCfg = Debug|Any CPU
		{329BA02D-FDCB-40E2-B22C-EAE9021AA4F5}.Debug|Any CPU.Build.0 = Debug|Any CPU
		{329BA02D-FDCB-40E2-B22C-EAE9021AA4F5}.Release|Any CPU.ActiveCfg = Release|Any CPU
		{329BA02D-FDCB-40E2-B22C-EAE9021AA4F5}.Release|Any CPU.Build.0 = Release|Any CPU
		{2A20E737-890B-4684-96C0-1AD93C38F52E}.Debug|Any CPU.ActiveCfg = Debug|Any CPU
		{2A20E737-890B-4684-96C0-1AD93C38F52E}.Debug|Any CPU.Build.0 = Debug|Any CPU
		{2A20E737-890B-4684-96C0-1AD93C38F52E}.Release|Any CPU.ActiveCfg = Release|Any CPU
		{2A20E737-890B-4684-96C0-1AD93C38F52E}.Release|Any CPU.Build.0 = Release|Any CPU
	EndGlobalSection
	GlobalSection(SolutionProperties) = preSolution
		HideSolutionNode = FALSE
	EndGlobalSection
	GlobalSection(ExtensibilityGlobals) = postSolution
		SolutionGuid = {B23F0AFE-07EB-44DC-A130-01B333B8E028}
	EndGlobalSection
EndGlobal
